// !$*UTF8*$!
{
	archiveVersion = 1;
	classes = {
	};
	objectVersion = 48;
	objects = {

/* Begin PBXBuildFile section */
		1EED04B111AB10BDDE2EC142 /* Pods_PinItTests.framework in Frameworks */ = {isa = PBXBuildFile; fileRef = 7B897E4479083A91967139E7 /* Pods_PinItTests.framework */; };
		2A00A9161FF091CE009A8CF5 /* ImageService.swift in Sources */ = {isa = PBXBuildFile; fileRef = 2A00A9151FF091CE009A8CF5 /* ImageService.swift */; };
		6991E86F9BD6C887E4C238EA /* Pods_PinItUITests.framework in Frameworks */ = {isa = PBXBuildFile; fileRef = E5B49714FEBE524FAC9BFC4B /* Pods_PinItUITests.framework */; };
		D8518F1A0BE1A66D77E1A133 /* Pods_PinIt.framework in Frameworks */ = {isa = PBXBuildFile; fileRef = D34DFCC786A5134534361D82 /* Pods_PinIt.framework */; };
		ECC559341FD987F000CF1D77 /* AppDelegate.swift in Sources */ = {isa = PBXBuildFile; fileRef = ECC559331FD987F000CF1D77 /* AppDelegate.swift */; };
		ECC559391FD987F000CF1D77 /* Main.storyboard in Resources */ = {isa = PBXBuildFile; fileRef = ECC559371FD987F000CF1D77 /* Main.storyboard */; };
		ECC5593B1FD987F000CF1D77 /* Assets.xcassets in Resources */ = {isa = PBXBuildFile; fileRef = ECC5593A1FD987F000CF1D77 /* Assets.xcassets */; };
		ECC5593E1FD987F000CF1D77 /* LaunchScreen.storyboard in Resources */ = {isa = PBXBuildFile; fileRef = ECC5593C1FD987F000CF1D77 /* LaunchScreen.storyboard */; };
		ECC559491FD987F100CF1D77 /* PinItTests.swift in Sources */ = {isa = PBXBuildFile; fileRef = ECC559481FD987F100CF1D77 /* PinItTests.swift */; };
		ECC559541FD987F100CF1D77 /* PinItUITests.swift in Sources */ = {isa = PBXBuildFile; fileRef = ECC559531FD987F100CF1D77 /* PinItUITests.swift */; };
		ECE50AA51FEBF214006B0EE5 /* StyleManager.swift in Sources */ = {isa = PBXBuildFile; fileRef = ECE50AA41FEBF214006B0EE5 /* StyleManager.swift */; };
		ECE50AAF1FEE8BD6006B0EE5 /* HomeTableViewController.swift in Sources */ = {isa = PBXBuildFile; fileRef = ECE50AAE1FEE8BD6006B0EE5 /* HomeTableViewController.swift */; };
		ECE50AB11FEE964B006B0EE5 /* PinItService.swift in Sources */ = {isa = PBXBuildFile; fileRef = ECE50AB01FEE964B006B0EE5 /* PinItService.swift */; };
		ECE50AB31FEEA043006B0EE5 /* Pin.swift in Sources */ = {isa = PBXBuildFile; fileRef = ECE50AB21FEEA043006B0EE5 /* Pin.swift */; };
		ECE50AB61FEEA12B006B0EE5 /* User.swift in Sources */ = {isa = PBXBuildFile; fileRef = ECE50AB51FEEA12B006B0EE5 /* User.swift */; };
		ECE50AB81FEEC3AC006B0EE5 /* ClassExtensions.swift in Sources */ = {isa = PBXBuildFile; fileRef = ECE50AB71FEEC3AC006B0EE5 /* ClassExtensions.swift */; };
		ECE50ABA1FEEC7BC006B0EE5 /* IntermediaryModels.swift in Sources */ = {isa = PBXBuildFile; fileRef = ECE50AB91FEEC7BC006B0EE5 /* IntermediaryModels.swift */; };
		ECE50ABC1FEFCB0E006B0EE5 /* HomeTableViewCell.swift in Sources */ = {isa = PBXBuildFile; fileRef = ECE50ABB1FEFCB0E006B0EE5 /* HomeTableViewCell.swift */; };
/* End PBXBuildFile section */

/* Begin PBXContainerItemProxy section */
		ECC559451FD987F100CF1D77 /* PBXContainerItemProxy */ = {
			isa = PBXContainerItemProxy;
			containerPortal = ECC559281FD987F000CF1D77 /* Project object */;
			proxyType = 1;
			remoteGlobalIDString = ECC5592F1FD987F000CF1D77;
			remoteInfo = PinIt;
		};
		ECC559501FD987F100CF1D77 /* PBXContainerItemProxy */ = {
			isa = PBXContainerItemProxy;
			containerPortal = ECC559281FD987F000CF1D77 /* Project object */;
			proxyType = 1;
			remoteGlobalIDString = ECC5592F1FD987F000CF1D77;
			remoteInfo = PinIt;
		};
/* End PBXContainerItemProxy section */

/* Begin PBXFileReference section */
		10BDDFC1CDB7383D0110F56E /* Pods-PinIt.release.xcconfig */ = {isa = PBXFileReference; includeInIndex = 1; lastKnownFileType = text.xcconfig; name = "Pods-PinIt.release.xcconfig"; path = "Pods/Target Support Files/Pods-PinIt/Pods-PinIt.release.xcconfig"; sourceTree = "<group>"; };
		2A00A9151FF091CE009A8CF5 /* ImageService.swift */ = {isa = PBXFileReference; lastKnownFileType = sourcecode.swift; path = ImageService.swift; sourceTree = "<group>"; };
		671422099C13E190772B8C1C /* Pods-PinIt.debug.xcconfig */ = {isa = PBXFileReference; includeInIndex = 1; lastKnownFileType = text.xcconfig; name = "Pods-PinIt.debug.xcconfig"; path = "Pods/Target Support Files/Pods-PinIt/Pods-PinIt.debug.xcconfig"; sourceTree = "<group>"; };
		7B897E4479083A91967139E7 /* Pods_PinItTests.framework */ = {isa = PBXFileReference; explicitFileType = wrapper.framework; includeInIndex = 0; path = Pods_PinItTests.framework; sourceTree = BUILT_PRODUCTS_DIR; };
		AE7D5588E1F2F11EE7143E57 /* Pods-PinItTests.debug.xcconfig */ = {isa = PBXFileReference; includeInIndex = 1; lastKnownFileType = text.xcconfig; name = "Pods-PinItTests.debug.xcconfig"; path = "Pods/Target Support Files/Pods-PinItTests/Pods-PinItTests.debug.xcconfig"; sourceTree = "<group>"; };
		B069F60AD04A7686FD254C3C /* Pods-PinItUITests.debug.xcconfig */ = {isa = PBXFileReference; includeInIndex = 1; lastKnownFileType = text.xcconfig; name = "Pods-PinItUITests.debug.xcconfig"; path = "Pods/Target Support Files/Pods-PinItUITests/Pods-PinItUITests.debug.xcconfig"; sourceTree = "<group>"; };
		D34DFCC786A5134534361D82 /* Pods_PinIt.framework */ = {isa = PBXFileReference; explicitFileType = wrapper.framework; includeInIndex = 0; path = Pods_PinIt.framework; sourceTree = BUILT_PRODUCTS_DIR; };
		E5B49714FEBE524FAC9BFC4B /* Pods_PinItUITests.framework */ = {isa = PBXFileReference; explicitFileType = wrapper.framework; includeInIndex = 0; path = Pods_PinItUITests.framework; sourceTree = BUILT_PRODUCTS_DIR; };
		ECC559301FD987F000CF1D77 /* PinIt.app */ = {isa = PBXFileReference; explicitFileType = wrapper.application; includeInIndex = 0; path = PinIt.app; sourceTree = BUILT_PRODUCTS_DIR; };
		ECC559331FD987F000CF1D77 /* AppDelegate.swift */ = {isa = PBXFileReference; lastKnownFileType = sourcecode.swift; path = AppDelegate.swift; sourceTree = "<group>"; };
		ECC559381FD987F000CF1D77 /* Base */ = {isa = PBXFileReference; lastKnownFileType = file.storyboard; name = Base; path = Base.lproj/Main.storyboard; sourceTree = "<group>"; };
		ECC5593A1FD987F000CF1D77 /* Assets.xcassets */ = {isa = PBXFileReference; lastKnownFileType = folder.assetcatalog; path = Assets.xcassets; sourceTree = "<group>"; };
		ECC5593D1FD987F000CF1D77 /* Base */ = {isa = PBXFileReference; lastKnownFileType = file.storyboard; name = Base; path = Base.lproj/LaunchScreen.storyboard; sourceTree = "<group>"; };
		ECC5593F1FD987F000CF1D77 /* Info.plist */ = {isa = PBXFileReference; lastKnownFileType = text.plist.xml; path = Info.plist; sourceTree = "<group>"; };
		ECC559441FD987F100CF1D77 /* PinItTests.xctest */ = {isa = PBXFileReference; explicitFileType = wrapper.cfbundle; includeInIndex = 0; path = PinItTests.xctest; sourceTree = BUILT_PRODUCTS_DIR; };
		ECC559481FD987F100CF1D77 /* PinItTests.swift */ = {isa = PBXFileReference; lastKnownFileType = sourcecode.swift; path = PinItTests.swift; sourceTree = "<group>"; };
		ECC5594A1FD987F100CF1D77 /* Info.plist */ = {isa = PBXFileReference; lastKnownFileType = text.plist.xml; path = Info.plist; sourceTree = "<group>"; };
		ECC5594F1FD987F100CF1D77 /* PinItUITests.xctest */ = {isa = PBXFileReference; explicitFileType = wrapper.cfbundle; includeInIndex = 0; path = PinItUITests.xctest; sourceTree = BUILT_PRODUCTS_DIR; };
		ECC559531FD987F100CF1D77 /* PinItUITests.swift */ = {isa = PBXFileReference; lastKnownFileType = sourcecode.swift; path = PinItUITests.swift; sourceTree = "<group>"; };
		ECC559551FD987F100CF1D77 /* Info.plist */ = {isa = PBXFileReference; lastKnownFileType = text.plist.xml; path = Info.plist; sourceTree = "<group>"; };
		ECE50AA41FEBF214006B0EE5 /* StyleManager.swift */ = {isa = PBXFileReference; lastKnownFileType = sourcecode.swift; path = StyleManager.swift; sourceTree = "<group>"; };
		ECE50AA71FEBF7FC006B0EE5 /* ChameleonFramework.framework */ = {isa = PBXFileReference; explicitFileType = wrapper.framework; path = ChameleonFramework.framework; sourceTree = BUILT_PRODUCTS_DIR; };
		ECE50AA81FEBF887006B0EE5 /* PinIt.entitlements */ = {isa = PBXFileReference; lastKnownFileType = text.plist.entitlements; path = PinIt.entitlements; sourceTree = "<group>"; };
		ECE50AAA1FEC00F3006B0EE5 /* ChameleonFramework.framework */ = {isa = PBXFileReference; explicitFileType = wrapper.framework; path = ChameleonFramework.framework; sourceTree = BUILT_PRODUCTS_DIR; };
		ECE50AAE1FEE8BD6006B0EE5 /* HomeTableViewController.swift */ = {isa = PBXFileReference; lastKnownFileType = sourcecode.swift; path = HomeTableViewController.swift; sourceTree = "<group>"; };
		ECE50AB01FEE964B006B0EE5 /* PinItService.swift */ = {isa = PBXFileReference; lastKnownFileType = sourcecode.swift; path = PinItService.swift; sourceTree = "<group>"; };
		ECE50AB21FEEA043006B0EE5 /* Pin.swift */ = {isa = PBXFileReference; lastKnownFileType = sourcecode.swift; path = Pin.swift; sourceTree = "<group>"; };
		ECE50AB51FEEA12B006B0EE5 /* User.swift */ = {isa = PBXFileReference; lastKnownFileType = sourcecode.swift; path = User.swift; sourceTree = "<group>"; };
		ECE50AB71FEEC3AC006B0EE5 /* ClassExtensions.swift */ = {isa = PBXFileReference; lastKnownFileType = sourcecode.swift; path = ClassExtensions.swift; sourceTree = "<group>"; };
		ECE50AB91FEEC7BC006B0EE5 /* IntermediaryModels.swift */ = {isa = PBXFileReference; lastKnownFileType = sourcecode.swift; path = IntermediaryModels.swift; sourceTree = "<group>"; };
		ECE50ABB1FEFCB0E006B0EE5 /* HomeTableViewCell.swift */ = {isa = PBXFileReference; lastKnownFileType = sourcecode.swift; path = HomeTableViewCell.swift; sourceTree = "<group>"; };
		F75673392DBA0DB253FDEFB1 /* Pods-PinItUITests.release.xcconfig */ = {isa = PBXFileReference; includeInIndex = 1; lastKnownFileType = text.xcconfig; name = "Pods-PinItUITests.release.xcconfig"; path = "Pods/Target Support Files/Pods-PinItUITests/Pods-PinItUITests.release.xcconfig"; sourceTree = "<group>"; };
		F80EE9AF6B6105EED9863257 /* Pods-PinItTests.release.xcconfig */ = {isa = PBXFileReference; includeInIndex = 1; lastKnownFileType = text.xcconfig; name = "Pods-PinItTests.release.xcconfig"; path = "Pods/Target Support Files/Pods-PinItTests/Pods-PinItTests.release.xcconfig"; sourceTree = "<group>"; };
/* End PBXFileReference section */

/* Begin PBXFrameworksBuildPhase section */
		ECC5592D1FD987F000CF1D77 /* Frameworks */ = {
			isa = PBXFrameworksBuildPhase;
			buildActionMask = 2147483647;
			files = (
				D8518F1A0BE1A66D77E1A133 /* Pods_PinIt.framework in Frameworks */,
			);
			runOnlyForDeploymentPostprocessing = 0;
		};
		ECC559411FD987F100CF1D77 /* Frameworks */ = {
			isa = PBXFrameworksBuildPhase;
			buildActionMask = 2147483647;
			files = (
				1EED04B111AB10BDDE2EC142 /* Pods_PinItTests.framework in Frameworks */,
			);
			runOnlyForDeploymentPostprocessing = 0;
		};
		ECC5594C1FD987F100CF1D77 /* Frameworks */ = {
			isa = PBXFrameworksBuildPhase;
			buildActionMask = 2147483647;
			files = (
				6991E86F9BD6C887E4C238EA /* Pods_PinItUITests.framework in Frameworks */,
			);
			runOnlyForDeploymentPostprocessing = 0;
		};
/* End PBXFrameworksBuildPhase section */

/* Begin PBXGroup section */
		100323FBFECEC65017550BF2 /* Frameworks */ = {
			isa = PBXGroup;
			children = (
				ECE50AAA1FEC00F3006B0EE5 /* ChameleonFramework.framework */,
				ECE50AA71FEBF7FC006B0EE5 /* ChameleonFramework.framework */,
				D34DFCC786A5134534361D82 /* Pods_PinIt.framework */,
				7B897E4479083A91967139E7 /* Pods_PinItTests.framework */,
				E5B49714FEBE524FAC9BFC4B /* Pods_PinItUITests.framework */,
			);
			name = Frameworks;
			sourceTree = "<group>";
		};
		B7FEA33ADD1DE460EC93C15B /* Pods */ = {
			isa = PBXGroup;
			children = (
				671422099C13E190772B8C1C /* Pods-PinIt.debug.xcconfig */,
				10BDDFC1CDB7383D0110F56E /* Pods-PinIt.release.xcconfig */,
				AE7D5588E1F2F11EE7143E57 /* Pods-PinItTests.debug.xcconfig */,
				F80EE9AF6B6105EED9863257 /* Pods-PinItTests.release.xcconfig */,
				B069F60AD04A7686FD254C3C /* Pods-PinItUITests.debug.xcconfig */,
				F75673392DBA0DB253FDEFB1 /* Pods-PinItUITests.release.xcconfig */,
			);
			name = Pods;
			sourceTree = "<group>";
		};
		ECC559271FD987F000CF1D77 = {
			isa = PBXGroup;
			children = (
				ECC559321FD987F000CF1D77 /* PinIt */,
				ECC559471FD987F100CF1D77 /* PinItTests */,
				ECC559521FD987F100CF1D77 /* PinItUITests */,
				ECC559311FD987F000CF1D77 /* Products */,
				B7FEA33ADD1DE460EC93C15B /* Pods */,
				100323FBFECEC65017550BF2 /* Frameworks */,
			);
			sourceTree = "<group>";
		};
		ECC559311FD987F000CF1D77 /* Products */ = {
			isa = PBXGroup;
			children = (
				ECC559301FD987F000CF1D77 /* PinIt.app */,
				ECC559441FD987F100CF1D77 /* PinItTests.xctest */,
				ECC5594F1FD987F100CF1D77 /* PinItUITests.xctest */,
			);
			name = Products;
			sourceTree = "<group>";
		};
		ECC559321FD987F000CF1D77 /* PinIt */ = {
			isa = PBXGroup;
			children = (
				ECE50AAD1FEE8811006B0EE5 /* Services */,
				ECE50AAC1FEE8809006B0EE5 /* Models */,
				ECE50AAB1FEE87F0006B0EE5 /* Controllers */,
				ECE50AA31FEBF1F6006B0EE5 /* Configs */,
				ECC559331FD987F000CF1D77 /* AppDelegate.swift */,
				ECC559371FD987F000CF1D77 /* Main.storyboard */,
				ECC5593A1FD987F000CF1D77 /* Assets.xcassets */,
				ECC5593C1FD987F000CF1D77 /* LaunchScreen.storyboard */,
				ECE50AA81FEBF887006B0EE5 /* PinIt.entitlements */,
				ECC5593F1FD987F000CF1D77 /* Info.plist */,
			);
			path = PinIt;
			sourceTree = "<group>";
		};
		ECC559471FD987F100CF1D77 /* PinItTests */ = {
			isa = PBXGroup;
			children = (
				ECC559481FD987F100CF1D77 /* PinItTests.swift */,
				ECC5594A1FD987F100CF1D77 /* Info.plist */,
			);
			path = PinItTests;
			sourceTree = "<group>";
		};
		ECC559521FD987F100CF1D77 /* PinItUITests */ = {
			isa = PBXGroup;
			children = (
				ECC559531FD987F100CF1D77 /* PinItUITests.swift */,
				ECC559551FD987F100CF1D77 /* Info.plist */,
			);
			path = PinItUITests;
			sourceTree = "<group>";
		};
		ECE50AA31FEBF1F6006B0EE5 /* Configs */ = {
			isa = PBXGroup;
			children = (
				ECE50AA41FEBF214006B0EE5 /* StyleManager.swift */,
				ECE50AB71FEEC3AC006B0EE5 /* ClassExtensions.swift */,
			);
			path = Configs;
			sourceTree = "<group>";
		};
		ECE50AAB1FEE87F0006B0EE5 /* Controllers */ = {
			isa = PBXGroup;
			children = (
				ECE50AAE1FEE8BD6006B0EE5 /* HomeTableViewController.swift */,
				ECE50ABB1FEFCB0E006B0EE5 /* HomeTableViewCell.swift */,
			);
			path = Controllers;
			sourceTree = "<group>";
		};
		ECE50AAC1FEE8809006B0EE5 /* Models */ = {
			isa = PBXGroup;
			children = (
				ECE50AB21FEEA043006B0EE5 /* Pin.swift */,
				ECE50AB51FEEA12B006B0EE5 /* User.swift */,
				ECE50AB91FEEC7BC006B0EE5 /* IntermediaryModels.swift */,
			);
			path = Models;
			sourceTree = "<group>";
		};
		ECE50AAD1FEE8811006B0EE5 /* Services */ = {
			isa = PBXGroup;
			children = (
				ECE50AB01FEE964B006B0EE5 /* PinItService.swift */,
				2A00A9151FF091CE009A8CF5 /* ImageService.swift */,
			);
			path = Services;
			sourceTree = "<group>";
		};
/* End PBXGroup section */

/* Begin PBXNativeTarget section */
		ECC5592F1FD987F000CF1D77 /* PinIt */ = {
			isa = PBXNativeTarget;
			buildConfigurationList = ECC559581FD987F100CF1D77 /* Build configuration list for PBXNativeTarget "PinIt" */;
			buildPhases = (
				E3197E6B0FAC3042514CB692 /* [CP] Check Pods Manifest.lock */,
				ECC5592C1FD987F000CF1D77 /* Sources */,
				ECC5592D1FD987F000CF1D77 /* Frameworks */,
				ECC5592E1FD987F000CF1D77 /* Resources */,
				DF4000FAA8D50CC87F0EAFFB /* [CP] Embed Pods Frameworks */,
				2AD5B9065FB262D485C8B57D /* [CP] Copy Pods Resources */,
			);
			buildRules = (
			);
			dependencies = (
			);
			name = PinIt;
			productName = PinIt;
			productReference = ECC559301FD987F000CF1D77 /* PinIt.app */;
			productType = "com.apple.product-type.application";
		};
		ECC559431FD987F100CF1D77 /* PinItTests */ = {
			isa = PBXNativeTarget;
			buildConfigurationList = ECC5595B1FD987F100CF1D77 /* Build configuration list for PBXNativeTarget "PinItTests" */;
			buildPhases = (
				AF273935F92B6AC214302A53 /* [CP] Check Pods Manifest.lock */,
				ECC559401FD987F100CF1D77 /* Sources */,
				ECC559411FD987F100CF1D77 /* Frameworks */,
				ECC559421FD987F100CF1D77 /* Resources */,
				66D91255D40505EF0BBCA975 /* [CP] Embed Pods Frameworks */,
				86705681003101A44FEFF3F7 /* [CP] Copy Pods Resources */,
			);
			buildRules = (
			);
			dependencies = (
				ECC559461FD987F100CF1D77 /* PBXTargetDependency */,
			);
			name = PinItTests;
			productName = PinItTests;
			productReference = ECC559441FD987F100CF1D77 /* PinItTests.xctest */;
			productType = "com.apple.product-type.bundle.unit-test";
		};
		ECC5594E1FD987F100CF1D77 /* PinItUITests */ = {
			isa = PBXNativeTarget;
			buildConfigurationList = ECC5595E1FD987F100CF1D77 /* Build configuration list for PBXNativeTarget "PinItUITests" */;
			buildPhases = (
				38641B15F2C8F70F4D3658EA /* [CP] Check Pods Manifest.lock */,
				ECC5594B1FD987F100CF1D77 /* Sources */,
				ECC5594C1FD987F100CF1D77 /* Frameworks */,
				ECC5594D1FD987F100CF1D77 /* Resources */,
				6CBE4FC00814B64336759747 /* [CP] Embed Pods Frameworks */,
				0865A595F909CE765325C8D9 /* [CP] Copy Pods Resources */,
			);
			buildRules = (
			);
			dependencies = (
				ECC559511FD987F100CF1D77 /* PBXTargetDependency */,
			);
			name = PinItUITests;
			productName = PinItUITests;
			productReference = ECC5594F1FD987F100CF1D77 /* PinItUITests.xctest */;
			productType = "com.apple.product-type.bundle.ui-testing";
		};
/* End PBXNativeTarget section */

/* Begin PBXProject section */
		ECC559281FD987F000CF1D77 /* Project object */ = {
			isa = PBXProject;
			attributes = {
				LastSwiftUpdateCheck = 0920;
				LastUpgradeCheck = 0920;
				ORGANIZATIONNAME = "Adwin Ying";
				TargetAttributes = {
					ECC5592F1FD987F000CF1D77 = {
						CreatedOnToolsVersion = 9.2;
						LastSwiftMigration = 0920;
						ProvisioningStyle = Automatic;
						SystemCapabilities = {
							com.apple.Keychain = {
								enabled = 1;
							};
						};
					};
					ECC559431FD987F100CF1D77 = {
						CreatedOnToolsVersion = 9.2;
						ProvisioningStyle = Automatic;
						TestTargetID = ECC5592F1FD987F000CF1D77;
					};
					ECC5594E1FD987F100CF1D77 = {
						CreatedOnToolsVersion = 9.2;
						ProvisioningStyle = Automatic;
						TestTargetID = ECC5592F1FD987F000CF1D77;
					};
				};
			};
			buildConfigurationList = ECC5592B1FD987F000CF1D77 /* Build configuration list for PBXProject "PinIt" */;
			compatibilityVersion = "Xcode 8.0";
			developmentRegion = en;
			hasScannedForEncodings = 0;
			knownRegions = (
				en,
				Base,
			);
			mainGroup = ECC559271FD987F000CF1D77;
			productRefGroup = ECC559311FD987F000CF1D77 /* Products */;
			projectDirPath = "";
			projectRoot = "";
			targets = (
				ECC5592F1FD987F000CF1D77 /* PinIt */,
				ECC559431FD987F100CF1D77 /* PinItTests */,
				ECC5594E1FD987F100CF1D77 /* PinItUITests */,
			);
		};
/* End PBXProject section */

/* Begin PBXResourcesBuildPhase section */
		ECC5592E1FD987F000CF1D77 /* Resources */ = {
			isa = PBXResourcesBuildPhase;
			buildActionMask = 2147483647;
			files = (
				ECC5593E1FD987F000CF1D77 /* LaunchScreen.storyboard in Resources */,
				ECC5593B1FD987F000CF1D77 /* Assets.xcassets in Resources */,
				ECC559391FD987F000CF1D77 /* Main.storyboard in Resources */,
			);
			runOnlyForDeploymentPostprocessing = 0;
		};
		ECC559421FD987F100CF1D77 /* Resources */ = {
			isa = PBXResourcesBuildPhase;
			buildActionMask = 2147483647;
			files = (
			);
			runOnlyForDeploymentPostprocessing = 0;
		};
		ECC5594D1FD987F100CF1D77 /* Resources */ = {
			isa = PBXResourcesBuildPhase;
			buildActionMask = 2147483647;
			files = (
			);
			runOnlyForDeploymentPostprocessing = 0;
		};
/* End PBXResourcesBuildPhase section */

/* Begin PBXShellScriptBuildPhase section */
		0865A595F909CE765325C8D9 /* [CP] Copy Pods Resources */ = {
			isa = PBXShellScriptBuildPhase;
			buildActionMask = 2147483647;
			files = (
			);
			inputPaths = (
			);
			name = "[CP] Copy Pods Resources";
			outputPaths = (
			);
			runOnlyForDeploymentPostprocessing = 0;
			shellPath = /bin/sh;
			shellScript = "\"${SRCROOT}/Pods/Target Support Files/Pods-PinItUITests/Pods-PinItUITests-resources.sh\"\n";
			showEnvVarsInLog = 0;
		};
		2AD5B9065FB262D485C8B57D /* [CP] Copy Pods Resources */ = {
			isa = PBXShellScriptBuildPhase;
			buildActionMask = 2147483647;
			files = (
			);
			inputPaths = (
			);
			name = "[CP] Copy Pods Resources";
			outputPaths = (
			);
			runOnlyForDeploymentPostprocessing = 0;
			shellPath = /bin/sh;
			shellScript = "\"${SRCROOT}/Pods/Target Support Files/Pods-PinIt/Pods-PinIt-resources.sh\"\n";
			showEnvVarsInLog = 0;
		};
		38641B15F2C8F70F4D3658EA /* [CP] Check Pods Manifest.lock */ = {
			isa = PBXShellScriptBuildPhase;
			buildActionMask = 2147483647;
			files = (
			);
			inputPaths = (
				"${PODS_PODFILE_DIR_PATH}/Podfile.lock",
				"${PODS_ROOT}/Manifest.lock",
			);
			name = "[CP] Check Pods Manifest.lock";
			outputPaths = (
				"$(DERIVED_FILE_DIR)/Pods-PinItUITests-checkManifestLockResult.txt",
			);
			runOnlyForDeploymentPostprocessing = 0;
			shellPath = /bin/sh;
			shellScript = "diff \"${PODS_PODFILE_DIR_PATH}/Podfile.lock\" \"${PODS_ROOT}/Manifest.lock\" > /dev/null\nif [ $? != 0 ] ; then\n    # print error to STDERR\n    echo \"error: The sandbox is not in sync with the Podfile.lock. Run 'pod install' or update your CocoaPods installation.\" >&2\n    exit 1\nfi\n# This output is used by Xcode 'outputs' to avoid re-running this script phase.\necho \"SUCCESS\" > \"${SCRIPT_OUTPUT_FILE_0}\"\n";
			showEnvVarsInLog = 0;
		};
		66D91255D40505EF0BBCA975 /* [CP] Embed Pods Frameworks */ = {
			isa = PBXShellScriptBuildPhase;
			buildActionMask = 2147483647;
			files = (
			);
			inputPaths = (
			);
			name = "[CP] Embed Pods Frameworks";
			outputPaths = (
			);
			runOnlyForDeploymentPostprocessing = 0;
			shellPath = /bin/sh;
			shellScript = "\"${SRCROOT}/Pods/Target Support Files/Pods-PinItTests/Pods-PinItTests-frameworks.sh\"\n";
			showEnvVarsInLog = 0;
		};
		6CBE4FC00814B64336759747 /* [CP] Embed Pods Frameworks */ = {
			isa = PBXShellScriptBuildPhase;
			buildActionMask = 2147483647;
			files = (
			);
			inputPaths = (
			);
			name = "[CP] Embed Pods Frameworks";
			outputPaths = (
			);
			runOnlyForDeploymentPostprocessing = 0;
			shellPath = /bin/sh;
			shellScript = "\"${SRCROOT}/Pods/Target Support Files/Pods-PinItUITests/Pods-PinItUITests-frameworks.sh\"\n";
			showEnvVarsInLog = 0;
		};
		86705681003101A44FEFF3F7 /* [CP] Copy Pods Resources */ = {
			isa = PBXShellScriptBuildPhase;
			buildActionMask = 2147483647;
			files = (
			);
			inputPaths = (
			);
			name = "[CP] Copy Pods Resources";
			outputPaths = (
			);
			runOnlyForDeploymentPostprocessing = 0;
			shellPath = /bin/sh;
			shellScript = "\"${SRCROOT}/Pods/Target Support Files/Pods-PinItTests/Pods-PinItTests-resources.sh\"\n";
			showEnvVarsInLog = 0;
		};
		AF273935F92B6AC214302A53 /* [CP] Check Pods Manifest.lock */ = {
			isa = PBXShellScriptBuildPhase;
			buildActionMask = 2147483647;
			files = (
			);
			inputPaths = (
				"${PODS_PODFILE_DIR_PATH}/Podfile.lock",
				"${PODS_ROOT}/Manifest.lock",
			);
			name = "[CP] Check Pods Manifest.lock";
			outputPaths = (
				"$(DERIVED_FILE_DIR)/Pods-PinItTests-checkManifestLockResult.txt",
			);
			runOnlyForDeploymentPostprocessing = 0;
			shellPath = /bin/sh;
			shellScript = "diff \"${PODS_PODFILE_DIR_PATH}/Podfile.lock\" \"${PODS_ROOT}/Manifest.lock\" > /dev/null\nif [ $? != 0 ] ; then\n    # print error to STDERR\n    echo \"error: The sandbox is not in sync with the Podfile.lock. Run 'pod install' or update your CocoaPods installation.\" >&2\n    exit 1\nfi\n# This output is used by Xcode 'outputs' to avoid re-running this script phase.\necho \"SUCCESS\" > \"${SCRIPT_OUTPUT_FILE_0}\"\n";
			showEnvVarsInLog = 0;
		};
		DF4000FAA8D50CC87F0EAFFB /* [CP] Embed Pods Frameworks */ = {
			isa = PBXShellScriptBuildPhase;
			buildActionMask = 2147483647;
			files = (
			);
			inputPaths = (
				"${SRCROOT}/Pods/Target Support Files/Pods-PinIt/Pods-PinIt-frameworks.sh",
				"${BUILT_PRODUCTS_DIR}/Alamofire/Alamofire.framework",
				"${BUILT_PRODUCTS_DIR}/ChameleonFramework/ChameleonFramework.framework",
				"${BUILT_PRODUCTS_DIR}/FontAwesome.swift/FontAwesome_swift.framework",
			);
			name = "[CP] Embed Pods Frameworks";
			outputPaths = (
				"${TARGET_BUILD_DIR}/${FRAMEWORKS_FOLDER_PATH}/Alamofire.framework",
				"${TARGET_BUILD_DIR}/${FRAMEWORKS_FOLDER_PATH}/ChameleonFramework.framework",
				"${TARGET_BUILD_DIR}/${FRAMEWORKS_FOLDER_PATH}/FontAwesome_swift.framework",
			);
			runOnlyForDeploymentPostprocessing = 0;
			shellPath = /bin/sh;
			shellScript = "\"${SRCROOT}/Pods/Target Support Files/Pods-PinIt/Pods-PinIt-frameworks.sh\"\n";
			showEnvVarsInLog = 0;
		};
		E3197E6B0FAC3042514CB692 /* [CP] Check Pods Manifest.lock */ = {
			isa = PBXShellScriptBuildPhase;
			buildActionMask = 2147483647;
			files = (
			);
			inputPaths = (
				"${PODS_PODFILE_DIR_PATH}/Podfile.lock",
				"${PODS_ROOT}/Manifest.lock",
			);
			name = "[CP] Check Pods Manifest.lock";
			outputPaths = (
				"$(DERIVED_FILE_DIR)/Pods-PinIt-checkManifestLockResult.txt",
			);
			runOnlyForDeploymentPostprocessing = 0;
			shellPath = /bin/sh;
			shellScript = "diff \"${PODS_PODFILE_DIR_PATH}/Podfile.lock\" \"${PODS_ROOT}/Manifest.lock\" > /dev/null\nif [ $? != 0 ] ; then\n    # print error to STDERR\n    echo \"error: The sandbox is not in sync with the Podfile.lock. Run 'pod install' or update your CocoaPods installation.\" >&2\n    exit 1\nfi\n# This output is used by Xcode 'outputs' to avoid re-running this script phase.\necho \"SUCCESS\" > \"${SCRIPT_OUTPUT_FILE_0}\"\n";
			showEnvVarsInLog = 0;
		};
/* End PBXShellScriptBuildPhase section */

/* Begin PBXSourcesBuildPhase section */
		ECC5592C1FD987F000CF1D77 /* Sources */ = {
			isa = PBXSourcesBuildPhase;
			buildActionMask = 2147483647;
			files = (
				ECE50AB31FEEA043006B0EE5 /* Pin.swift in Sources */,
				ECE50AAF1FEE8BD6006B0EE5 /* HomeTableViewController.swift in Sources */,
				ECE50AB81FEEC3AC006B0EE5 /* ClassExtensions.swift in Sources */,
				2A00A9161FF091CE009A8CF5 /* ImageService.swift in Sources */,
				ECE50AB61FEEA12B006B0EE5 /* User.swift in Sources */,
				ECE50ABA1FEEC7BC006B0EE5 /* IntermediaryModels.swift in Sources */,
				ECC559341FD987F000CF1D77 /* AppDelegate.swift in Sources */,
				ECE50ABC1FEFCB0E006B0EE5 /* HomeTableViewCell.swift in Sources */,
				ECE50AB11FEE964B006B0EE5 /* PinItService.swift in Sources */,
				ECE50AA51FEBF214006B0EE5 /* StyleManager.swift in Sources */,
			);
			runOnlyForDeploymentPostprocessing = 0;
		};
		ECC559401FD987F100CF1D77 /* Sources */ = {
			isa = PBXSourcesBuildPhase;
			buildActionMask = 2147483647;
			files = (
				ECC559491FD987F100CF1D77 /* PinItTests.swift in Sources */,
			);
			runOnlyForDeploymentPostprocessing = 0;
		};
		ECC5594B1FD987F100CF1D77 /* Sources */ = {
			isa = PBXSourcesBuildPhase;
			buildActionMask = 2147483647;
			files = (
				ECC559541FD987F100CF1D77 /* PinItUITests.swift in Sources */,
			);
			runOnlyForDeploymentPostprocessing = 0;
		};
/* End PBXSourcesBuildPhase section */

/* Begin PBXTargetDependency section */
		ECC559461FD987F100CF1D77 /* PBXTargetDependency */ = {
			isa = PBXTargetDependency;
			target = ECC5592F1FD987F000CF1D77 /* PinIt */;
			targetProxy = ECC559451FD987F100CF1D77 /* PBXContainerItemProxy */;
		};
		ECC559511FD987F100CF1D77 /* PBXTargetDependency */ = {
			isa = PBXTargetDependency;
			target = ECC5592F1FD987F000CF1D77 /* PinIt */;
			targetProxy = ECC559501FD987F100CF1D77 /* PBXContainerItemProxy */;
		};
/* End PBXTargetDependency section */

/* Begin PBXVariantGroup section */
		ECC559371FD987F000CF1D77 /* Main.storyboard */ = {
			isa = PBXVariantGroup;
			children = (
				ECC559381FD987F000CF1D77 /* Base */,
			);
			name = Main.storyboard;
			sourceTree = "<group>";
		};
		ECC5593C1FD987F000CF1D77 /* LaunchScreen.storyboard */ = {
			isa = PBXVariantGroup;
			children = (
				ECC5593D1FD987F000CF1D77 /* Base */,
			);
			name = LaunchScreen.storyboard;
			sourceTree = "<group>";
		};
/* End PBXVariantGroup section */

/* Begin XCBuildConfiguration section */
		ECC559561FD987F100CF1D77 /* Debug */ = {
			isa = XCBuildConfiguration;
			buildSettings = {
				ALWAYS_SEARCH_USER_PATHS = NO;
				CLANG_ANALYZER_NONNULL = YES;
				CLANG_ANALYZER_NUMBER_OBJECT_CONVERSION = YES_AGGRESSIVE;
				CLANG_CXX_LANGUAGE_STANDARD = "gnu++14";
				CLANG_CXX_LIBRARY = "libc++";
				CLANG_ENABLE_MODULES = YES;
				CLANG_ENABLE_OBJC_ARC = YES;
				CLANG_WARN_BLOCK_CAPTURE_AUTORELEASING = YES;
				CLANG_WARN_BOOL_CONVERSION = YES;
				CLANG_WARN_COMMA = YES;
				CLANG_WARN_CONSTANT_CONVERSION = YES;
				CLANG_WARN_DIRECT_OBJC_ISA_USAGE = YES_ERROR;
				CLANG_WARN_DOCUMENTATION_COMMENTS = YES;
				CLANG_WARN_EMPTY_BODY = YES;
				CLANG_WARN_ENUM_CONVERSION = YES;
				CLANG_WARN_INFINITE_RECURSION = YES;
				CLANG_WARN_INT_CONVERSION = YES;
				CLANG_WARN_NON_LITERAL_NULL_CONVERSION = YES;
				CLANG_WARN_OBJC_LITERAL_CONVERSION = YES;
				CLANG_WARN_OBJC_ROOT_CLASS = YES_ERROR;
				CLANG_WARN_RANGE_LOOP_ANALYSIS = YES;
				CLANG_WARN_STRICT_PROTOTYPES = YES;
				CLANG_WARN_SUSPICIOUS_MOVE = YES;
				CLANG_WARN_UNGUARDED_AVAILABILITY = YES_AGGRESSIVE;
				CLANG_WARN_UNREACHABLE_CODE = YES;
				CLANG_WARN__DUPLICATE_METHOD_MATCH = YES;
				CODE_SIGN_IDENTITY = "iPhone Developer";
				COPY_PHASE_STRIP = NO;
				DEBUG_INFORMATION_FORMAT = dwarf;
				ENABLE_STRICT_OBJC_MSGSEND = YES;
				ENABLE_TESTABILITY = YES;
				GCC_C_LANGUAGE_STANDARD = gnu11;
				GCC_DYNAMIC_NO_PIC = NO;
				GCC_NO_COMMON_BLOCKS = YES;
				GCC_OPTIMIZATION_LEVEL = 0;
				GCC_PREPROCESSOR_DEFINITIONS = (
					"DEBUG=1",
					"$(inherited)",
				);
				GCC_WARN_64_TO_32_BIT_CONVERSION = YES;
				GCC_WARN_ABOUT_RETURN_TYPE = YES_ERROR;
				GCC_WARN_UNDECLARED_SELECTOR = YES;
				GCC_WARN_UNINITIALIZED_AUTOS = YES_AGGRESSIVE;
				GCC_WARN_UNUSED_FUNCTION = YES;
				GCC_WARN_UNUSED_VARIABLE = YES;
				IPHONEOS_DEPLOYMENT_TARGET = 11.2;
				MTL_ENABLE_DEBUG_INFO = YES;
				ONLY_ACTIVE_ARCH = YES;
				SDKROOT = iphoneos;
				SWIFT_ACTIVE_COMPILATION_CONDITIONS = DEBUG;
				SWIFT_OPTIMIZATION_LEVEL = "-Onone";
			};
			name = Debug;
		};
		ECC559571FD987F100CF1D77 /* Release */ = {
			isa = XCBuildConfiguration;
			buildSettings = {
				ALWAYS_SEARCH_USER_PATHS = NO;
				CLANG_ANALYZER_NONNULL = YES;
				CLANG_ANALYZER_NUMBER_OBJECT_CONVERSION = YES_AGGRESSIVE;
				CLANG_CXX_LANGUAGE_STANDARD = "gnu++14";
				CLANG_CXX_LIBRARY = "libc++";
				CLANG_ENABLE_MODULES = YES;
				CLANG_ENABLE_OBJC_ARC = YES;
				CLANG_WARN_BLOCK_CAPTURE_AUTORELEASING = YES;
				CLANG_WARN_BOOL_CONVERSION = YES;
				CLANG_WARN_COMMA = YES;
				CLANG_WARN_CONSTANT_CONVERSION = YES;
				CLANG_WARN_DIRECT_OBJC_ISA_USAGE = YES_ERROR;
				CLANG_WARN_DOCUMENTATION_COMMENTS = YES;
				CLANG_WARN_EMPTY_BODY = YES;
				CLANG_WARN_ENUM_CONVERSION = YES;
				CLANG_WARN_INFINITE_RECURSION = YES;
				CLANG_WARN_INT_CONVERSION = YES;
				CLANG_WARN_NON_LITERAL_NULL_CONVERSION = YES;
				CLANG_WARN_OBJC_LITERAL_CONVERSION = YES;
				CLANG_WARN_OBJC_ROOT_CLASS = YES_ERROR;
				CLANG_WARN_RANGE_LOOP_ANALYSIS = YES;
				CLANG_WARN_STRICT_PROTOTYPES = YES;
				CLANG_WARN_SUSPICIOUS_MOVE = YES;
				CLANG_WARN_UNGUARDED_AVAILABILITY = YES_AGGRESSIVE;
				CLANG_WARN_UNREACHABLE_CODE = YES;
				CLANG_WARN__DUPLICATE_METHOD_MATCH = YES;
				CODE_SIGN_IDENTITY = "iPhone Developer";
				COPY_PHASE_STRIP = NO;
				DEBUG_INFORMATION_FORMAT = "dwarf-with-dsym";
				ENABLE_NS_ASSERTIONS = NO;
				ENABLE_STRICT_OBJC_MSGSEND = YES;
				GCC_C_LANGUAGE_STANDARD = gnu11;
				GCC_NO_COMMON_BLOCKS = YES;
				GCC_WARN_64_TO_32_BIT_CONVERSION = YES;
				GCC_WARN_ABOUT_RETURN_TYPE = YES_ERROR;
				GCC_WARN_UNDECLARED_SELECTOR = YES;
				GCC_WARN_UNINITIALIZED_AUTOS = YES_AGGRESSIVE;
				GCC_WARN_UNUSED_FUNCTION = YES;
				GCC_WARN_UNUSED_VARIABLE = YES;
				IPHONEOS_DEPLOYMENT_TARGET = 11.2;
				MTL_ENABLE_DEBUG_INFO = NO;
				SDKROOT = iphoneos;
				SWIFT_OPTIMIZATION_LEVEL = "-Owholemodule";
				VALIDATE_PRODUCT = YES;
			};
			name = Release;
		};
		ECC559591FD987F100CF1D77 /* Debug */ = {
			isa = XCBuildConfiguration;
			baseConfigurationReference = 671422099C13E190772B8C1C /* Pods-PinIt.debug.xcconfig */;
			buildSettings = {
				ASSETCATALOG_COMPILER_APPICON_NAME = AppIcon;
				CODE_SIGN_ENTITLEMENTS = PinIt/PinIt.entitlements;
				CODE_SIGN_STYLE = Automatic;
				DEVELOPMENT_TEAM = D545Y7EKLY;
				INFOPLIST_FILE = PinIt/Info.plist;
				IPHONEOS_DEPLOYMENT_TARGET = 10.0;
				LD_RUNPATH_SEARCH_PATHS = "$(inherited) @executable_path/Frameworks";
				PRODUCT_BUNDLE_IDENTIFIER = in.iAdw.PinIt;
				PRODUCT_NAME = "$(TARGET_NAME)";
				SWIFT_SWIFT3_OBJC_INFERENCE = On;
				SWIFT_VERSION = 4.0;
				TARGETED_DEVICE_FAMILY = "1,2";
			};
			name = Debug;
		};
		ECC5595A1FD987F100CF1D77 /* Release */ = {
			isa = XCBuildConfiguration;
			baseConfigurationReference = 10BDDFC1CDB7383D0110F56E /* Pods-PinIt.release.xcconfig */;
			buildSettings = {
				ASSETCATALOG_COMPILER_APPICON_NAME = AppIcon;
				CODE_SIGN_ENTITLEMENTS = PinIt/PinIt.entitlements;
				CODE_SIGN_STYLE = Automatic;
				DEVELOPMENT_TEAM = D545Y7EKLY;
				INFOPLIST_FILE = PinIt/Info.plist;
				IPHONEOS_DEPLOYMENT_TARGET = 10.0;
				LD_RUNPATH_SEARCH_PATHS = "$(inherited) @executable_path/Frameworks";
				PRODUCT_BUNDLE_IDENTIFIER = in.iAdw.PinIt;
				PRODUCT_NAME = "$(TARGET_NAME)";
				SWIFT_SWIFT3_OBJC_INFERENCE = On;
				SWIFT_VERSION = 4.0;
				TARGETED_DEVICE_FAMILY = "1,2";
			};
			name = Release;
		};
		ECC5595C1FD987F100CF1D77 /* Debug */ = {
			isa = XCBuildConfiguration;
			baseConfigurationReference = AE7D5588E1F2F11EE7143E57 /* Pods-PinItTests.debug.xcconfig */;
			buildSettings = {
				ALWAYS_EMBED_SWIFT_STANDARD_LIBRARIES = YES;
				BUNDLE_LOADER = "$(TEST_HOST)";
				CODE_SIGN_STYLE = Automatic;
				INFOPLIST_FILE = PinItTests/Info.plist;
				LD_RUNPATH_SEARCH_PATHS = "$(inherited) @executable_path/Frameworks @loader_path/Frameworks";
				PRODUCT_BUNDLE_IDENTIFIER = in.iAdw.PinItTests;
				PRODUCT_NAME = "$(TARGET_NAME)";
				SWIFT_VERSION = 4.0;
				TARGETED_DEVICE_FAMILY = "1,2";
				TEST_HOST = "$(BUILT_PRODUCTS_DIR)/PinIt.app/PinIt";
			};
			name = Debug;
		};
		ECC5595D1FD987F100CF1D77 /* Release */ = {
			isa = XCBuildConfiguration;
			baseConfigurationReference = F80EE9AF6B6105EED9863257 /* Pods-PinItTests.release.xcconfig */;
			buildSettings = {
				ALWAYS_EMBED_SWIFT_STANDARD_LIBRARIES = YES;
				BUNDLE_LOADER = "$(TEST_HOST)";
				CODE_SIGN_STYLE = Automatic;
				INFOPLIST_FILE = PinItTests/Info.plist;
				LD_RUNPATH_SEARCH_PATHS = "$(inherited) @executable_path/Frameworks @loader_path/Frameworks";
				PRODUCT_BUNDLE_IDENTIFIER = in.iAdw.PinItTests;
				PRODUCT_NAME = "$(TARGET_NAME)";
				SWIFT_VERSION = 4.0;
				TARGETED_DEVICE_FAMILY = "1,2";
				TEST_HOST = "$(BUILT_PRODUCTS_DIR)/PinIt.app/PinIt";
			};
			name = Release;
		};
		ECC5595F1FD987F100CF1D77 /* Debug */ = {
			isa = XCBuildConfiguration;
			baseConfigurationReference = B069F60AD04A7686FD254C3C /* Pods-PinItUITests.debug.xcconfig */;
			buildSettings = {
				ALWAYS_EMBED_SWIFT_STANDARD_LIBRARIES = YES;
				CODE_SIGN_STYLE = Automatic;
				INFOPLIST_FILE = PinItUITests/Info.plist;
				LD_RUNPATH_SEARCH_PATHS = "$(inherited) @executable_path/Frameworks @loader_path/Frameworks";
				PRODUCT_BUNDLE_IDENTIFIER = in.iAdw.PinItUITests;
				PRODUCT_NAME = "$(TARGET_NAME)";
				SWIFT_VERSION = 4.0;
				TARGETED_DEVICE_FAMILY = "1,2";
				TEST_TARGET_NAME = PinIt;
			};
			name = Debug;
		};
		ECC559601FD987F100CF1D77 /* Release */ = {
			isa = XCBuildConfiguration;
			baseConfigurationReference = F75673392DBA0DB253FDEFB1 /* Pods-PinItUITests.release.xcconfig */;
			buildSettings = {
				ALWAYS_EMBED_SWIFT_STANDARD_LIBRARIES = YES;
				CODE_SIGN_STYLE = Automatic;
				INFOPLIST_FILE = PinItUITests/Info.plist;
				LD_RUNPATH_SEARCH_PATHS = "$(inherited) @executable_path/Frameworks @loader_path/Frameworks";
				PRODUCT_BUNDLE_IDENTIFIER = in.iAdw.PinItUITests;
				PRODUCT_NAME = "$(TARGET_NAME)";
				SWIFT_VERSION = 4.0;
				TARGETED_DEVICE_FAMILY = "1,2";
				TEST_TARGET_NAME = PinIt;
			};
			name = Release;
		};
/* End XCBuildConfiguration section */

/* Begin XCConfigurationList section */
		ECC5592B1FD987F000CF1D77 /* Build configuration list for PBXProject "PinIt" */ = {
			isa = XCConfigurationList;
			buildConfigurations = (
				ECC559561FD987F100CF1D77 /* Debug */,
				ECC559571FD987F100CF1D77 /* Release */,
			);
			defaultConfigurationIsVisible = 0;
			defaultConfigurationName = Release;
		};
		ECC559581FD987F100CF1D77 /* Build configuration list for PBXNativeTarget "PinIt" */ = {
			isa = XCConfigurationList;
			buildConfigurations = (
				ECC559591FD987F100CF1D77 /* Debug */,
				ECC5595A1FD987F100CF1D77 /* Release */,
			);
			defaultConfigurationIsVisible = 0;
			defaultConfigurationName = Release;
		};
		ECC5595B1FD987F100CF1D77 /* Build configuration list for PBXNativeTarget "PinItTests" */ = {
			isa = XCConfigurationList;
			buildConfigurations = (
				ECC5595C1FD987F100CF1D77 /* Debug */,
				ECC5595D1FD987F100CF1D77 /* Release */,
			);
			defaultConfigurationIsVisible = 0;
			defaultConfigurationName = Release;
		};
		ECC5595E1FD987F100CF1D77 /* Build configuration list for PBXNativeTarget "PinItUITests" */ = {
			isa = XCConfigurationList;
			buildConfigurations = (
				ECC5595F1FD987F100CF1D77 /* Debug */,
				ECC559601FD987F100CF1D77 /* Release */,
			);
			defaultConfigurationIsVisible = 0;
			defaultConfigurationName = Release;
		};
/* End XCConfigurationList section */
	};
	rootObject = ECC559281FD987F000CF1D77 /* Project object */;
}
